
Microsoft Visual Studio Solution File, Format Version 12.00
# Visual Studio 15
VisualStudioVersion = 15.0.27428.2005
MinimumVisualStudioVersion = 10.0.40219.1
Project("{FAE04EC0-301F-11D3-BF4B-00C04F79EFBC}") = "StorePhone", "StorePhone\StorePhone.csproj", "{44FB5435-0F99-4CB5-B69B-82E0BF1934EC}"
EndProject
Project("{FAE04EC0-301F-11D3-BF4B-00C04F79EFBC}") = "SchemaSpec", "SchemaSpec\SchemaSpec.csproj", "{24B00DE8-E323-4F11-A65A-D9E87DACBB81}"
EndProject
Global
	GlobalSection(SolutionConfigurationPlatforms) = preSolution
		Debug|Any CPU = Debug|Any CPU
		Release|Any CPU = Release|Any CPU
	EndGlobalSection
	GlobalSection(ProjectConfigurationPlatforms) = postSolution
		{44FB5435-0F99-4CB5-B69B-82E0BF1934EC}.Debug|Any CPU.ActiveCfg = Debug|Any CPU
		{44FB5435-0F99-4CB5-B69B-82E0BF1934EC}.Debug|Any CPU.Build.0 = Debug|Any CPU
		{44FB5435-0F99-4CB5-B69B-82E0BF1934EC}.Release|Any CPU.ActiveCfg = Release|Any CPU
		{44FB5435-0F99-4CB5-B69B-82E0BF1934EC}.Release|Any CPU.Build.0 = Release|Any CPU
		{24B00DE8-E323-4F11-A65A-D9E87DACBB81}.Debug|Any CPU.ActiveCfg = Debug|Any CPU
		{24B00DE8-E323-4F11-A65A-D9E87DACBB81}.Release|Any CPU.ActiveCfg = Release|Any CPU
		{24B00DE8-E323-4F11-A65A-D9E87DACBB81}.Release|Any CPU.Build.0 = Release|Any CPU
	EndGlobalSection
	GlobalSection(SolutionProperties) = preSolution
		HideSolutionNode = FALSE
	EndGlobalSection
	GlobalSection(ExtensibilityGlobals) = postSolution
		SolutionGuid = {372B8195-9207-41B0-BAB4-7AE6FD13A88C}
	EndGlobalSection
EndGlobal
